// !$*UTF8*$!
{
	archiveVersion = 1;
	classes = {
	};
	objectVersion = 50;
	objects = {

/* Begin PBXBuildFile section */
		62B6E0F52213626B00183A3A /* AppDelegate.m in Sources */ = {isa = PBXBuildFile; fileRef = 62B6E0F42213626B00183A3A /* AppDelegate.m */; };
		62B6E0FB2213626B00183A3A /* Main.storyboard in Resources */ = {isa = PBXBuildFile; fileRef = 62B6E0F92213626B00183A3A /* Main.storyboard */; };
		62B6E0FD2213626B00183A3A /* Assets.xcassets in Resources */ = {isa = PBXBuildFile; fileRef = 62B6E0FC2213626B00183A3A /* Assets.xcassets */; };
		62B6E1002213626B00183A3A /* LaunchScreen.storyboard in Resources */ = {isa = PBXBuildFile; fileRef = 62B6E0FE2213626B00183A3A /* LaunchScreen.storyboard */; };
		62B6E1032213626B00183A3A /* main.m in Sources */ = {isa = PBXBuildFile; fileRef = 62B6E1022213626B00183A3A /* main.m */; };
		62B6E10F221365D400183A3A /* RLGCard.m in Sources */ = {isa = PBXBuildFile; fileRef = 62B6E10E221365D400183A3A /* RLGCard.m */; };
		62B6E113221371A500183A3A /* RLGCardController.m in Sources */ = {isa = PBXBuildFile; fileRef = 62B6E112221371A500183A3A /* RLGCardController.m */; };
		62B6E1702214C55700183A3A /* CardViewController.swift in Sources */ = {isa = PBXBuildFile; fileRef = 62B6E16F2214C55700183A3A /* CardViewController.swift */; };
/* End PBXBuildFile section */

/* Begin PBXFileReference section */
		62B6E0F02213626B00183A3A /* deckOfOneCardOBJC.app */ = {isa = PBXFileReference; explicitFileType = wrapper.application; includeInIndex = 0; path = deckOfOneCardOBJC.app; sourceTree = BUILT_PRODUCTS_DIR; };
		62B6E0F32213626B00183A3A /* AppDelegate.h */ = {isa = PBXFileReference; lastKnownFileType = sourcecode.c.h; path = AppDelegate.h; sourceTree = "<group>"; };
		62B6E0F42213626B00183A3A /* AppDelegate.m */ = {isa = PBXFileReference; lastKnownFileType = sourcecode.c.objc; path = AppDelegate.m; sourceTree = "<group>"; };
		62B6E0FA2213626B00183A3A /* Base */ = {isa = PBXFileReference; lastKnownFileType = file.storyboard; name = Base; path = Base.lproj/Main.storyboard; sourceTree = "<group>"; };
		62B6E0FC2213626B00183A3A /* Assets.xcassets */ = {isa = PBXFileReference; lastKnownFileType = folder.assetcatalog; path = Assets.xcassets; sourceTree = "<group>"; };
		62B6E0FF2213626B00183A3A /* Base */ = {isa = PBXFileReference; lastKnownFileType = file.storyboard; name = Base; path = Base.lproj/LaunchScreen.storyboard; sourceTree = "<group>"; };
		62B6E1012213626B00183A3A /* Info.plist */ = {isa = PBXFileReference; lastKnownFileType = text.plist.xml; path = Info.plist; sourceTree = "<group>"; };
		62B6E1022213626B00183A3A /* main.m */ = {isa = PBXFileReference; lastKnownFileType = sourcecode.c.objc; path = main.m; sourceTree = "<group>"; };
		62B6E10D221365D400183A3A /* RLGCard.h */ = {isa = PBXFileReference; lastKnownFileType = sourcecode.c.h; path = RLGCard.h; sourceTree = "<group>"; };
		62B6E10E221365D400183A3A /* RLGCard.m */ = {isa = PBXFileReference; lastKnownFileType = sourcecode.c.objc; path = RLGCard.m; sourceTree = "<group>"; };
		62B6E111221371A500183A3A /* RLGCardController.h */ = {isa = PBXFileReference; lastKnownFileType = sourcecode.c.h; path = RLGCardController.h; sourceTree = "<group>"; };
		62B6E112221371A500183A3A /* RLGCardController.m */ = {isa = PBXFileReference; lastKnownFileType = sourcecode.c.objc; path = RLGCardController.m; sourceTree = "<group>"; };
		62B6E16E2214C55700183A3A /* deckOfOneCardOBJC-Bridging-Header.h */ = {isa = PBXFileReference; lastKnownFileType = sourcecode.c.h; path = "deckOfOneCardOBJC-Bridging-Header.h"; sourceTree = "<group>"; };
		62B6E16F2214C55700183A3A /* CardViewController.swift */ = {isa = PBXFileReference; lastKnownFileType = sourcecode.swift; path = CardViewController.swift; sourceTree = "<group>"; };
/* End PBXFileReference section */

/* Begin PBXFrameworksBuildPhase section */
		62B6E0ED2213626B00183A3A /* Frameworks */ = {
			isa = PBXFrameworksBuildPhase;
			buildActionMask = 2147483647;
			files = (
			);
			runOnlyForDeploymentPostprocessing = 0;
		};
/* End PBXFrameworksBuildPhase section */

/* Begin PBXGroup section */
		62B6E0E72213626B00183A3A = {
			isa = PBXGroup;
			children = (
				62B6E0F22213626B00183A3A /* deckOfOneCardOBJC */,
				62B6E0F12213626B00183A3A /* Products */,
			);
			sourceTree = "<group>";
		};
		62B6E0F12213626B00183A3A /* Products */ = {
			isa = PBXGroup;
			children = (
				62B6E0F02213626B00183A3A /* deckOfOneCardOBJC.app */,
			);
			name = Products;
			sourceTree = "<group>";
		};
		62B6E0F22213626B00183A3A /* deckOfOneCardOBJC */ = {
			isa = PBXGroup;
			children = (
				62B6E1102213718900183A3A /* Models */,
				62B6E1092213627800183A3A /* Resources */,
				62B6E0F92213626B00183A3A /* Main.storyboard */,
				62B6E1142213798100183A3A /* Controllers */,
			);
			path = deckOfOneCardOBJC;
			sourceTree = "<group>";
		};
		62B6E1092213627800183A3A /* Resources */ = {
			isa = PBXGroup;
			children = (
				62B6E0F32213626B00183A3A /* AppDelegate.h */,
				62B6E0F42213626B00183A3A /* AppDelegate.m */,
				62B6E0FC2213626B00183A3A /* Assets.xcassets */,
				62B6E0FE2213626B00183A3A /* LaunchScreen.storyboard */,
				62B6E1012213626B00183A3A /* Info.plist */,
				62B6E1022213626B00183A3A /* main.m */,
			);
			path = Resources;
			sourceTree = "<group>";
		};
		62B6E1102213718900183A3A /* Models */ = {
			isa = PBXGroup;
			children = (
				62B6E10D221365D400183A3A /* RLGCard.h */,
				62B6E10E221365D400183A3A /* RLGCard.m */,
			);
			path = Models;
			sourceTree = "<group>";
		};
		62B6E1142213798100183A3A /* Controllers */ = {
			isa = PBXGroup;
			children = (
				62B6E111221371A500183A3A /* RLGCardController.h */,
				62B6E112221371A500183A3A /* RLGCardController.m */,
				62B6E16F2214C55700183A3A /* CardViewController.swift */,
				62B6E16E2214C55700183A3A /* deckOfOneCardOBJC-Bridging-Header.h */,
			);
			path = Controllers;
			sourceTree = "<group>";
		};
/* End PBXGroup section */

/* Begin PBXNativeTarget section */
		62B6E0EF2213626B00183A3A /* deckOfOneCardOBJC */ = {
			isa = PBXNativeTarget;
			buildConfigurationList = 62B6E1062213626B00183A3A /* Build configuration list for PBXNativeTarget "deckOfOneCardOBJC" */;
			buildPhases = (
				62B6E0EC2213626B00183A3A /* Sources */,
				62B6E0ED2213626B00183A3A /* Frameworks */,
				62B6E0EE2213626B00183A3A /* Resources */,
			);
			buildRules = (
			);
			dependencies = (
			);
			name = deckOfOneCardOBJC;
			productName = deckOfOneCardOBJC;
			productReference = 62B6E0F02213626B00183A3A /* deckOfOneCardOBJC.app */;
			productType = "com.apple.product-type.application";
		};
/* End PBXNativeTarget section */

/* Begin PBXProject section */
		62B6E0E82213626B00183A3A /* Project object */ = {
			isa = PBXProject;
			attributes = {
				CLASSPREFIX = RLG;
				LastUpgradeCheck = 1010;
				ORGANIZATIONNAME = "RYAN GREENBURG";
				TargetAttributes = {
					62B6E0EF2213626B00183A3A = {
						CreatedOnToolsVersion = 10.1;
						LastSwiftMigration = 1010;
					};
				};
			};
			buildConfigurationList = 62B6E0EB2213626B00183A3A /* Build configuration list for PBXProject "deckOfOneCardOBJC" */;
			compatibilityVersion = "Xcode 9.3";
			developmentRegion = en;
			hasScannedForEncodings = 0;
			knownRegions = (
				en,
				Base,
			);
			mainGroup = 62B6E0E72213626B00183A3A;
			productRefGroup = 62B6E0F12213626B00183A3A /* Products */;
			projectDirPath = "";
			projectRoot = "";
			targets = (
				62B6E0EF2213626B00183A3A /* deckOfOneCardOBJC */,
			);
		};
/* End PBXProject section */

/* Begin PBXResourcesBuildPhase section */
		62B6E0EE2213626B00183A3A /* Resources */ = {
			isa = PBXResourcesBuildPhase;
			buildActionMask = 2147483647;
			files = (
				62B6E1002213626B00183A3A /* LaunchScreen.storyboard in Resources */,
				62B6E0FD2213626B00183A3A /* Assets.xcassets in Resources */,
				62B6E0FB2213626B00183A3A /* Main.storyboard in Resources */,
			);
			runOnlyForDeploymentPostprocessing = 0;
		};
/* End PBXResourcesBuildPhase section */

/* Begin PBXSourcesBuildPhase section */
		62B6E0EC2213626B00183A3A /* Sources */ = {
			isa = PBXSourcesBuildPhase;
			buildActionMask = 2147483647;
			files = (
				62B6E1032213626B00183A3A /* main.m in Sources */,
				62B6E113221371A500183A3A /* RLGCardController.m in Sources */,
				62B6E0F52213626B00183A3A /* AppDelegate.m in Sources */,
				62B6E1702214C55700183A3A /* CardViewController.swift in Sources */,
				62B6E10F221365D400183A3A /* RLGCard.m in Sources */,
			);
			runOnlyForDeploymentPostprocessing = 0;
		};
/* End PBXSourcesBuildPhase section */

/* Begin PBXVariantGroup section */
		62B6E0F92213626B00183A3A /* Main.storyboard */ = {
			isa = PBXVariantGroup;
			children = (
				62B6E0FA2213626B00183A3A /* Base */,
			);
			name = Main.storyboard;
			sourceTree = "<group>";
		};
		62B6E0FE2213626B00183A3A /* LaunchScreen.storyboard */ = {
			isa = PBXVariantGroup;
			children = (
				62B6E0FF2213626B00183A3A /* Base */,
			);
			name = LaunchScreen.storyboard;
			sourceTree = "<group>";
		};
/* End PBXVariantGroup section */

/* Begin XCBuildConfiguration section */
		62B6E1042213626B00183A3A /* Debug */ = {
			isa = XCBuildConfiguration;
			buildSettings = {
				ALWAYS_SEARCH_USER_PATHS = NO;
				CLANG_ANALYZER_NONNULL = YES;
				CLANG_ANALYZER_NUMBER_OBJECT_CONVERSION = YES_AGGRESSIVE;
				CLANG_CXX_LANGUAGE_STANDARD = "gnu++14";
				CLANG_CXX_LIBRARY = "libc++";
				CLANG_ENABLE_MODULES = YES;
				CLANG_ENABLE_OBJC_ARC = YES;
				CLANG_ENABLE_OBJC_WEAK = YES;
				CLANG_WARN_BLOCK_CAPTURE_AUTORELEASING = YES;
				CLANG_WARN_BOOL_CONVERSION = YES;
				CLANG_WARN_COMMA = YES;
				CLANG_WARN_CONSTANT_CONVERSION = YES;
				CLANG_WARN_DEPRECATED_OBJC_IMPLEMENTATIONS = YES;
				CLANG_WARN_DIRECT_OBJC_ISA_USAGE = YES_ERROR;
				CLANG_WARN_DOCUMENTATION_COMMENTS = YES;
				CLANG_WARN_EMPTY_BODY = YES;
				CLANG_WARN_ENUM_CONVERSION = YES;
				CLANG_WARN_INFINITE_RECURSION = YES;
				CLANG_WARN_INT_CONVERSION = YES;
				CLANG_WARN_NON_LITERAL_NULL_CONVERSION = YES;
				CLANG_WARN_OBJC_IMPLICIT_RETAIN_SELF = YES;
				CLANG_WARN_OBJC_LITERAL_CONVERSION = YES;
				CLANG_WARN_OBJC_ROOT_CLASS = YES_ERROR;
				CLANG_WARN_RANGE_LOOP_ANALYSIS = YES;
				CLANG_WARN_STRICT_PROTOTYPES = YES;
				CLANG_WARN_SUSPICIOUS_MOVE = YES;
				CLANG_WARN_UNGUARDED_AVAILABILITY = YES_AGGRESSIVE;
				CLANG_WARN_UNREACHABLE_CODE = YES;
				CLANG_WARN__DUPLICATE_METHOD_MATCH = YES;
				CODE_SIGN_IDENTITY = "iPhone Developer";
				COPY_PHASE_STRIP = NO;
				DEBUG_INFORMATION_FORMAT = dwarf;
				ENABLE_STRICT_OBJC_MSGSEND = YES;
				ENABLE_TESTABILITY = YES;
				GCC_C_LANGUAGE_STANDARD = gnu11;
				GCC_DYNAMIC_NO_PIC = NO;
				GCC_NO_COMMON_BLOCKS = YES;
				GCC_OPTIMIZATION_LEVEL = 0;
				GCC_PREPROCESSOR_DEFINITIONS = (
					"DEBUG=1",
					"$(inherited)",
				);
				GCC_WARN_64_TO_32_BIT_CONVERSION = YES;
				GCC_WARN_ABOUT_RETURN_TYPE = YES_ERROR;
				GCC_WARN_UNDECLARED_SELECTOR = YES;
				GCC_WARN_UNINITIALIZED_AUTOS = YES_AGGRESSIVE;
				GCC_WARN_UNUSED_FUNCTION = YES;
				GCC_WARN_UNUSED_VARIABLE = YES;
				IPHONEOS_DEPLOYMENT_TARGET = 12.1;
				MTL_ENABLE_DEBUG_INFO = INCLUDE_SOURCE;
				MTL_FAST_MATH = YES;
				ONLY_ACTIVE_ARCH = YES;
				SDKROOT = iphoneos;
			};
			name = Debug;
		};
		62B6E1052213626B00183A3A /* Release */ = {
			isa = XCBuildConfiguration;
			buildSettings = {
				ALWAYS_SEARCH_USER_PATHS = NO;
				CLANG_ANALYZER_NONNULL = YES;
				CLANG_ANALYZER_NUMBER_OBJECT_CONVERSION = YES_AGGRESSIVE;
				CLANG_CXX_LANGUAGE_STANDARD = "gnu++14";
				CLANG_CXX_LIBRARY = "libc++";
				CLANG_ENABLE_MODULES = YES;
				CLANG_ENABLE_OBJC_ARC = YES;
				CLANG_ENABLE_OBJC_WEAK = YES;
				CLANG_WARN_BLOCK_CAPTURE_AUTORELEASING = YES;
				CLANG_WARN_BOOL_CONVERSION = YES;
				CLANG_WARN_COMMA = YES;
				CLANG_WARN_CONSTANT_CONVERSION = YES;
				CLANG_WARN_DEPRECATED_OBJC_IMPLEMENTATIONS = YES;
				CLANG_WARN_DIRECT_OBJC_ISA_USAGE = YES_ERROR;
				CLANG_WARN_DOCUMENTATION_COMMENTS = YES;
				CLANG_WARN_EMPTY_BODY = YES;
				CLANG_WARN_ENUM_CONVERSION = YES;
				CLANG_WARN_INFINITE_RECURSION = YES;
				CLANG_WARN_INT_CONVERSION = YES;
				CLANG_WARN_NON_LITERAL_NULL_CONVERSION = YES;
				CLANG_WARN_OBJC_IMPLICIT_RETAIN_SELF = YES;
				CLANG_WARN_OBJC_LITERAL_CONVERSION = YES;
				CLANG_WARN_OBJC_ROOT_CLASS = YES_ERROR;
				CLANG_WARN_RANGE_LOOP_ANALYSIS = YES;
				CLANG_WARN_STRICT_PROTOTYPES = YES;
				CLANG_WARN_SUSPICIOUS_MOVE = YES;
				CLANG_WARN_UNGUARDED_AVAILABILITY = YES_AGGRESSIVE;
				CLANG_WARN_UNREACHABLE_CODE = YES;
				CLANG_WARN__DUPLICATE_METHOD_MATCH = YES;
				CODE_SIGN_IDENTITY = "iPhone Developer";
				COPY_PHASE_STRIP = NO;
				DEBUG_INFORMATION_FORMAT = "dwarf-with-dsym";
				ENABLE_NS_ASSERTIONS = NO;
				ENABLE_STRICT_OBJC_MSGSEND = YES;
				GCC_C_LANGUAGE_STANDARD = gnu11;
				GCC_NO_COMMON_BLOCKS = YES;
				GCC_WARN_64_TO_32_BIT_CONVERSION = YES;
				GCC_WARN_ABOUT_RETURN_TYPE = YES_ERROR;
				GCC_WARN_UNDECLARED_SELECTOR = YES;
				GCC_WARN_UNINITIALIZED_AUTOS = YES_AGGRESSIVE;
				GCC_WARN_UNUSED_FUNCTION = YES;
				GCC_WARN_UNUSED_VARIABLE = YES;
				IPHONEOS_DEPLOYMENT_TARGET = 12.1;
				MTL_ENABLE_DEBUG_INFO = NO;
				MTL_FAST_MATH = YES;
				SDKROOT = iphoneos;
				VALIDATE_PRODUCT = YES;
			};
			name = Release;
		};
		62B6E1072213626B00183A3A /* Debug */ = {
			isa = XCBuildConfiguration;
			buildSettings = {
				ASSETCATALOG_COMPILER_APPICON_NAME = AppIcon;
				CLANG_ENABLE_MODULES = YES;
				CODE_SIGN_STYLE = Automatic;
				INFOPLIST_FILE = "$(SRCROOT)/deckOfOneCardOBJC/Resources/Info.plist";
				LD_RUNPATH_SEARCH_PATHS = (
					"$(inherited)",
					"@executable_path/Frameworks",
				);
				PRODUCT_BUNDLE_IDENTIFIER = A.deckOfOneCardOBJC;
				PRODUCT_NAME = "$(TARGET_NAME)";
				SWIFT_OBJC_BRIDGING_HEADER = "deckOfOneCardOBJC/Controllers/deckOfOneCardOBJC-Bridging-Header.h";
				SWIFT_OPTIMIZATION_LEVEL = "-Onone";
				SWIFT_VERSION = 4.2;
				TARGETED_DEVICE_FAMILY = "1,2";
			};
			name = Debug;
		};
		62B6E1082213626B00183A3A /* Release */ = {
			isa = XCBuildConfiguration;
			buildSettings = {
				ASSETCATALOG_COMPILER_APPICON_NAME = AppIcon;
				CLANG_ENABLE_MODULES = YES;
				CODE_SIGN_STYLE = Automatic;
				INFOPLIST_FILE = "$(SRCROOT)/deckOfOneCardOBJC/Resources/Info.plist";
				LD_RUNPATH_SEARCH_PATHS = (
					"$(inherited)",
					"@executable_path/Frameworks",
				);
				PRODUCT_BUNDLE_IDENTIFIER = A.deckOfOneCardOBJC;
				PRODUCT_NAME = "$(TARGET_NAME)";
				SWIFT_OBJC_BRIDGING_HEADER = "deckOfOneCardOBJC/Controllers/deckOfOneCardOBJC-Bridging-Header.h";
				SWIFT_VERSION = 4.2;
				TARGETED_DEVICE_FAMILY = "1,2";
			};
			name = Release;
		};
/* End XCBuildConfiguration section */

/* Begin XCConfigurationList section */
		62B6E0EB2213626B00183A3A /* Build configuration list for PBXProject "deckOfOneCardOBJC" */ = {
			isa = XCConfigurationList;
			buildConfigurations = (
				62B6E1042213626B00183A3A /* Debug */,
				62B6E1052213626B00183A3A /* Release */,
			);
			defaultConfigurationIsVisible = 0;
			defaultConfigurationName = Release;
		};
		62B6E1062213626B00183A3A /* Build configuration list for PBXNativeTarget "deckOfOneCardOBJC" */ = {
			isa = XCConfigurationList;
			buildConfigurations = (
				62B6E1072213626B00183A3A /* Debug */,
				62B6E1082213626B00183A3A /* Release */,
			);
			defaultConfigurationIsVisible = 0;
			defaultConfigurationName = Release;
		};
/* End XCConfigurationList section */
	};
	rootObject = 62B6E0E82213626B00183A3A /* Project object */;
}
